
Microsoft Visual Studio Solution File, Format Version 12.00
# Visual Studio Version 16
VisualStudioVersion = 16.0.29911.84
MinimumVisualStudioVersion = 10.0.40219.1
Project("{9A19103F-16F7-4668-BE54-9A1E7A4F7556}") = "ServerApp", "ServerApp\ServerApp.csproj", "{EBAE1EC0-1013-45A8-A632-FEEBCC7D58FB}"
EndProject
Global
	GlobalSection(SolutionConfigurationPlatforms) = preSolution
		Debug|Any CPU = Debug|Any CPU
		Release|Any CPU = Release|Any CPU
	EndGlobalSection
	GlobalSection(ProjectConfigurationPlatforms) = postSolution
		{EBAE1EC0-1013-45A8-A632-FEEBCC7D58FB}.Debug|Any CPU.ActiveCfg = Debug|Any CPU
		{EBAE1EC0-1013-45A8-A632-FEEBCC7D58FB}.Debug|Any CPU.Build.0 = Debug|Any CPU
		{EBAE1EC0-1013-45A8-A632-FEEBCC7D58FB}.Release|Any CPU.ActiveCfg = Release|Any CPU
		{EBAE1EC0-1013-45A8-A632-FEEBCC7D58FB}.Release|Any CPU.Build.0 = Release|Any CPU
	EndGlobalSection
	GlobalSection(SolutionProperties) = preSolution
		HideSolutionNode = FALSE
	EndGlobalSection
	GlobalSection(ExtensibilityGlobals) = postSolution
		SolutionGuid = {BDFA5212-08F8-4A86-845B-24CD940659DE}
	EndGlobalSection
EndGlobal
